
Microsoft Visual Studio Solution File, Format Version 12.00
# Visual Studio Version 16
VisualStudioVersion = 16.0.31410.357
MinimumVisualStudioVersion = 10.0.40219.1
Project("{FAE04EC0-301F-11D3-BF4B-00C04F79EFBC}") = "waifu2x-ncnn-vulkan-GUI-Edition-C-Sharp", "waifu2x-ncnn-vulkan-GUI-Edition-C-Sharp.csproj", "{BB284BCD-9102-48AD-914A-042E3DBD45BC}"
EndProject
Global
	GlobalSection(SolutionConfigurationPlatforms) = preSolution
		Debug|Any CPU = Debug|Any CPU
		Release|Any CPU = Release|Any CPU
	EndGlobalSection
	GlobalSection(ProjectConfigurationPlatforms) = postSolution
		{BB284BCD-9102-48AD-914A-042E3DBD45BC}.Debug|Any CPU.ActiveCfg = Debug|Any CPU
		{BB284BCD-9102-48AD-914A-042E3DBD45BC}.Debug|Any CPU.Build.0 = Debug|Any CPU
		{BB284BCD-9102-48AD-914A-042E3DBD45BC}.Release|Any CPU.ActiveCfg = Release|Any CPU
		{BB284BCD-9102-48AD-914A-042E3DBD45BC}.Release|Any CPU.Build.0 = Release|Any CPU
	EndGlobalSection
	GlobalSection(SolutionProperties) = preSolution
		HideSolutionNode = FALSE
	EndGlobalSection
	GlobalSection(ExtensibilityGlobals) = postSolution
		SolutionGuid = {F58C1BBF-9017-4C79-B8AE-C9ADEF31F2FC}
	EndGlobalSection
EndGlobal
